
Microsoft Visual Studio Solution File, Format Version 11.00
# Visual Studio 2010
Project("{FAE04EC0-301F-11D3-BF4B-00C04F79EFBC}") = "Unity.Services.Core.Telemetry", "Unity.Services.Core.Telemetry.csproj", "{6bd28bf5-69b0-18bd-7d3e-c7e42fb674e5}"
EndProject
Project("{FAE04EC0-301F-11D3-BF4B-00C04F79EFBC}") = "UnityEngine.TestRunner", "UnityEngine.TestRunner.csproj", "{f91165c3-f990-4538-ca80-a1975399f9b3}"
EndProject
Project("{FAE04EC0-301F-11D3-BF4B-00C04F79EFBC}") = "Unity.Services.Core.Internal", "Unity.Services.Core.Internal.csproj", "{cf801162-8ae6-76f8-5d80-0d431e4fc629}"
EndProject
Project("{FAE04EC0-301F-11D3-BF4B-00C04F79EFBC}") = "Unity.Timeline", "Unity.Timeline.csproj", "{2ce983ae-08a2-2dce-ca23-0116185a324e}"
EndProject
Project("{FAE04EC0-301F-11D3-BF4B-00C04F79EFBC}") = "Unity.TextMeshPro", "Unity.TextMeshPro.csproj", "{0a7669c8-ce99-287f-5c5d-085f721b044f}"
EndProject
Project("{FAE04EC0-301F-11D3-BF4B-00C04F79EFBC}") = "Unity.Services.Core.Environments.Internal", "Unity.Services.Core.Environments.Internal.csproj", "{74bc9683-6962-8e99-3fa3-3ca88c751011}"
EndProject
Project("{FAE04EC0-301F-11D3-BF4B-00C04F79EFBC}") = "Unity.Services.Core", "Unity.Services.Core.csproj", "{4df17bac-f14c-f21c-0876-d7bd7948cb1e}"
EndProject
Project("{FAE04EC0-301F-11D3-BF4B-00C04F79EFBC}") = "Unity.Services.Core.Configuration", "Unity.Services.Core.Configuration.csproj", "{bb060b12-a5b0-9029-d4f1-ad409cf2b06e}"
EndProject
Project("{FAE04EC0-301F-11D3-BF4B-00C04F79EFBC}") = "Unity.Services.Core.Environments", "Unity.Services.Core.Environments.csproj", "{5aff5f3b-dfa6-b55f-bf28-832538c4e715}"
EndProject
Project("{FAE04EC0-301F-11D3-BF4B-00C04F79EFBC}") = "Unity.Services.Core.Networking", "Unity.Services.Core.Networking.csproj", "{28e8d2eb-4241-6f28-139d-4b5293f8c748}"
EndProject
Project("{FAE04EC0-301F-11D3-BF4B-00C04F79EFBC}") = "Unity.Services.Core.Analytics", "Unity.Services.Core.Analytics.csproj", "{1f593018-f33f-ddbf-1364-1a6c5eb8b308}"
EndProject
Project("{FAE04EC0-301F-11D3-BF4B-00C04F79EFBC}") = "Unity.Services.Core.Scheduler", "Unity.Services.Core.Scheduler.csproj", "{c97ad131-9514-660f-0953-cb7ac1544b78}"
EndProject
Project("{FAE04EC0-301F-11D3-BF4B-00C04F79EFBC}") = "Unity.Services.Core.Registration", "Unity.Services.Core.Registration.csproj", "{fe48cdc2-8f08-b278-a51d-8f7f01711d1c}"
EndProject
Project("{FAE04EC0-301F-11D3-BF4B-00C04F79EFBC}") = "Unity.Services.Core.Device", "Unity.Services.Core.Device.csproj", "{d4e352f7-9e61-74cf-118c-7367347f0e25}"
EndProject
Project("{FAE04EC0-301F-11D3-BF4B-00C04F79EFBC}") = "Unity.Services.Core.Threading", "Unity.Services.Core.Threading.csproj", "{bb028b33-a0e8-8d07-8d84-53d8d6679e95}"
EndProject
Project("{FAE04EC0-301F-11D3-BF4B-00C04F79EFBC}") = "UnityEditor.TestRunner", "UnityEditor.TestRunner.csproj", "{03cf31ca-a39b-41cc-8997-a8392f0fe7b2}"
EndProject
Project("{FAE04EC0-301F-11D3-BF4B-00C04F79EFBC}") = "Unity.PlasticSCM.Editor", "Unity.PlasticSCM.Editor.csproj", "{822bfc65-732a-82a5-45a4-0dc515db14d7}"
EndProject
Project("{FAE04EC0-301F-11D3-BF4B-00C04F79EFBC}") = "Unity.Timeline.Editor", "Unity.Timeline.Editor.csproj", "{f1517974-f45b-ef1a-3416-a8e76b70ce13}"
EndProject
Project("{FAE04EC0-301F-11D3-BF4B-00C04F79EFBC}") = "Unity.VisualStudio.Editor", "Unity.VisualStudio.Editor.csproj", "{a41dc329-3e79-bcbb-ca93-50436684c452}"
EndProject
Project("{FAE04EC0-301F-11D3-BF4B-00C04F79EFBC}") = "Unity.TextMeshPro.Editor", "Unity.TextMeshPro.Editor.csproj", "{cf177ddb-33f3-7ed9-6324-bd8d8b9fec50}"
EndProject
Project("{FAE04EC0-301F-11D3-BF4B-00C04F79EFBC}") = "Unity.CollabProxy.Editor", "Unity.CollabProxy.Editor.csproj", "{77059405-0ecc-b655-365e-10edf47ab5d3}"
EndProject
Project("{FAE04EC0-301F-11D3-BF4B-00C04F79EFBC}") = "Unity.Services.Core.Editor", "Unity.Services.Core.Editor.csproj", "{83b7fe78-185b-19a0-85ab-52bf9ce9fe42}"
EndProject
Project("{FAE04EC0-301F-11D3-BF4B-00C04F79EFBC}") = "Unity.Rider.Editor", "Unity.Rider.Editor.csproj", "{867a260f-42ef-49a7-823a-9e17db5aa700}"
EndProject
Project("{FAE04EC0-301F-11D3-BF4B-00C04F79EFBC}") = "Unity.VSCode.Editor", "Unity.VSCode.Editor.csproj", "{446e63e8-4307-404c-f0a6-c45237548925}"
EndProject
Project("{FAE04EC0-301F-11D3-BF4B-00C04F79EFBC}") = "Unity.Services.Core.Configuration.Editor", "Unity.Services.Core.Configuration.Editor.csproj", "{53fda624-28a4-1bbe-0af1-baeda9174fac}"
EndProject
Global
	GlobalSection(SolutionConfigurationPlatforms) = preSolution
		Debug|Any CPU = Debug|Any CPU
	EndGlobalSection
	GlobalSection(ProjectConfigurationPlatforms) = postSolution
		{6bd28bf5-69b0-18bd-7d3e-c7e42fb674e5}.Debug|Any CPU.ActiveCfg = Debug|Any CPU
		{6bd28bf5-69b0-18bd-7d3e-c7e42fb674e5}.Debug|Any CPU.Build.0 = Debug|Any CPU
		{f91165c3-f990-4538-ca80-a1975399f9b3}.Debug|Any CPU.ActiveCfg = Debug|Any CPU
		{f91165c3-f990-4538-ca80-a1975399f9b3}.Debug|Any CPU.Build.0 = Debug|Any CPU
		{cf801162-8ae6-76f8-5d80-0d431e4fc629}.Debug|Any CPU.ActiveCfg = Debug|Any CPU
		{cf801162-8ae6-76f8-5d80-0d431e4fc629}.Debug|Any CPU.Build.0 = Debug|Any CPU
		{2ce983ae-08a2-2dce-ca23-0116185a324e}.Debug|Any CPU.ActiveCfg = Debug|Any CPU
		{2ce983ae-08a2-2dce-ca23-0116185a324e}.Debug|Any CPU.Build.0 = Debug|Any CPU
		{0a7669c8-ce99-287f-5c5d-085f721b044f}.Debug|Any CPU.ActiveCfg = Debug|Any CPU
		{0a7669c8-ce99-287f-5c5d-085f721b044f}.Debug|Any CPU.Build.0 = Debug|Any CPU
		{74bc9683-6962-8e99-3fa3-3ca88c751011}.Debug|Any CPU.ActiveCfg = Debug|Any CPU
		{74bc9683-6962-8e99-3fa3-3ca88c751011}.Debug|Any CPU.Build.0 = Debug|Any CPU
		{4df17bac-f14c-f21c-0876-d7bd7948cb1e}.Debug|Any CPU.ActiveCfg = Debug|Any CPU
		{4df17bac-f14c-f21c-0876-d7bd7948cb1e}.Debug|Any CPU.Build.0 = Debug|Any CPU
		{bb060b12-a5b0-9029-d4f1-ad409cf2b06e}.Debug|Any CPU.ActiveCfg = Debug|Any CPU
		{bb060b12-a5b0-9029-d4f1-ad409cf2b06e}.Debug|Any CPU.Build.0 = Debug|Any CPU
		{5aff5f3b-dfa6-b55f-bf28-832538c4e715}.Debug|Any CPU.ActiveCfg = Debug|Any CPU
		{5aff5f3b-dfa6-b55f-bf28-832538c4e715}.Debug|Any CPU.Build.0 = Debug|Any CPU
		{28e8d2eb-4241-6f28-139d-4b5293f8c748}.Debug|Any CPU.ActiveCfg = Debug|Any CPU
		{28e8d2eb-4241-6f28-139d-4b5293f8c748}.Debug|Any CPU.Build.0 = Debug|Any CPU
		{1f593018-f33f-ddbf-1364-1a6c5eb8b308}.Debug|Any CPU.ActiveCfg = Debug|Any CPU
		{1f593018-f33f-ddbf-1364-1a6c5eb8b308}.Debug|Any CPU.Build.0 = Debug|Any CPU
		{c97ad131-9514-660f-0953-cb7ac1544b78}.Debug|Any CPU.ActiveCfg = Debug|Any CPU
		{c97ad131-9514-660f-0953-cb7ac1544b78}.Debug|Any CPU.Build.0 = Debug|Any CPU
		{fe48cdc2-8f08-b278-a51d-8f7f01711d1c}.Debug|Any CPU.ActiveCfg = Debug|Any CPU
		{fe48cdc2-8f08-b278-a51d-8f7f01711d1c}.Debug|Any CPU.Build.0 = Debug|Any CPU
		{d4e352f7-9e61-74cf-118c-7367347f0e25}.Debug|Any CPU.ActiveCfg = Debug|Any CPU
		{d4e352f7-9e61-74cf-118c-7367347f0e25}.Debug|Any CPU.Build.0 = Debug|Any CPU
		{bb028b33-a0e8-8d07-8d84-53d8d6679e95}.Debug|Any CPU.ActiveCfg = Debug|Any CPU
		{bb028b33-a0e8-8d07-8d84-53d8d6679e95}.Debug|Any CPU.Build.0 = Debug|Any CPU
		{03cf31ca-a39b-41cc-8997-a8392f0fe7b2}.Debug|Any CPU.ActiveCfg = Debug|Any CPU
		{03cf31ca-a39b-41cc-8997-a8392f0fe7b2}.Debug|Any CPU.Build.0 = Debug|Any CPU
		{822bfc65-732a-82a5-45a4-0dc515db14d7}.Debug|Any CPU.ActiveCfg = Debug|Any CPU
		{822bfc65-732a-82a5-45a4-0dc515db14d7}.Debug|Any CPU.Build.0 = Debug|Any CPU
		{f1517974-f45b-ef1a-3416-a8e76b70ce13}.Debug|Any CPU.ActiveCfg = Debug|Any CPU
		{f1517974-f45b-ef1a-3416-a8e76b70ce13}.Debug|Any CPU.Build.0 = Debug|Any CPU
		{a41dc329-3e79-bcbb-ca93-50436684c452}.Debug|Any CPU.ActiveCfg = Debug|Any CPU
		{a41dc329-3e79-bcbb-ca93-50436684c452}.Debug|Any CPU.Build.0 = Debug|Any CPU
		{cf177ddb-33f3-7ed9-6324-bd8d8b9fec50}.Debug|Any CPU.ActiveCfg = Debug|Any CPU
		{cf177ddb-33f3-7ed9-6324-bd8d8b9fec50}.Debug|Any CPU.Build.0 = Debug|Any CPU
		{77059405-0ecc-b655-365e-10edf47ab5d3}.Debug|Any CPU.ActiveCfg = Debug|Any CPU
		{77059405-0ecc-b655-365e-10edf47ab5d3}.Debug|Any CPU.Build.0 = Debug|Any CPU
		{83b7fe78-185b-19a0-85ab-52bf9ce9fe42}.Debug|Any CPU.ActiveCfg = Debug|Any CPU
		{83b7fe78-185b-19a0-85ab-52bf9ce9fe42}.Debug|Any CPU.Build.0 = Debug|Any CPU
		{867a260f-42ef-49a7-823a-9e17db5aa700}.Debug|Any CPU.ActiveCfg = Debug|Any CPU
		{867a260f-42ef-49a7-823a-9e17db5aa700}.Debug|Any CPU.Build.0 = Debug|Any CPU
		{446e63e8-4307-404c-f0a6-c45237548925}.Debug|Any CPU.ActiveCfg = Debug|Any CPU
		{446e63e8-4307-404c-f0a6-c45237548925}.Debug|Any CPU.Build.0 = Debug|Any CPU
		{53fda624-28a4-1bbe-0af1-baeda9174fac}.Debug|Any CPU.ActiveCfg = Debug|Any CPU
		{53fda624-28a4-1bbe-0af1-baeda9174fac}.Debug|Any CPU.Build.0 = Debug|Any CPU
	EndGlobalSection
	GlobalSection(SolutionProperties) = preSolution
		HideSolutionNode = FALSE
	EndGlobalSection
EndGlobal
